
Microsoft Visual Studio Solution File, Format Version 12.00
# Visual Studio Version 17
VisualStudioVersion = 17.1.32210.238
MinimumVisualStudioVersion = 10.0.40219.1
Project("{FAE04EC0-301F-11D3-BF4B-00C04F79EFBC}") = "Blazor-Examen-Sthefany", "Blazor-Examen-Sthefany\Blazor-Examen-Sthefany.csproj", "{0FAB79EA-BC9E-4228-8938-E222DDCF5B1E}"
EndProject
Project("{FAE04EC0-301F-11D3-BF4B-00C04F79EFBC}") = "Modelos", "Modelos\Modelos.csproj", "{19D600C4-1D1A-441A-AA96-60BE0BD753D7}"
EndProject
Project("{FAE04EC0-301F-11D3-BF4B-00C04F79EFBC}") = "Datos", "Datos\Datos.csproj", "{7DEAC829-AE7D-4CB2-BC87-2772D646D8E6}"
EndProject
Global
	GlobalSection(SolutionConfigurationPlatforms) = preSolution
		Debug|Any CPU = Debug|Any CPU
		Release|Any CPU = Release|Any CPU
	EndGlobalSection
	GlobalSection(ProjectConfigurationPlatforms) = postSolution
		{0FAB79EA-BC9E-4228-8938-E222DDCF5B1E}.Debug|Any CPU.ActiveCfg = Debug|Any CPU
		{0FAB79EA-BC9E-4228-8938-E222DDCF5B1E}.Debug|Any CPU.Build.0 = Debug|Any CPU
		{0FAB79EA-BC9E-4228-8938-E222DDCF5B1E}.Release|Any CPU.ActiveCfg = Release|Any CPU
		{0FAB79EA-BC9E-4228-8938-E222DDCF5B1E}.Release|Any CPU.Build.0 = Release|Any CPU
		{19D600C4-1D1A-441A-AA96-60BE0BD753D7}.Debug|Any CPU.ActiveCfg = Debug|Any CPU
		{19D600C4-1D1A-441A-AA96-60BE0BD753D7}.Debug|Any CPU.Build.0 = Debug|Any CPU
		{19D600C4-1D1A-441A-AA96-60BE0BD753D7}.Release|Any CPU.ActiveCfg = Release|Any CPU
		{19D600C4-1D1A-441A-AA96-60BE0BD753D7}.Release|Any CPU.Build.0 = Release|Any CPU
		{7DEAC829-AE7D-4CB2-BC87-2772D646D8E6}.Debug|Any CPU.ActiveCfg = Debug|Any CPU
		{7DEAC829-AE7D-4CB2-BC87-2772D646D8E6}.Debug|Any CPU.Build.0 = Debug|Any CPU
		{7DEAC829-AE7D-4CB2-BC87-2772D646D8E6}.Release|Any CPU.ActiveCfg = Release|Any CPU
		{7DEAC829-AE7D-4CB2-BC87-2772D646D8E6}.Release|Any CPU.Build.0 = Release|Any CPU
	EndGlobalSection
	GlobalSection(SolutionProperties) = preSolution
		HideSolutionNode = FALSE
	EndGlobalSection
	GlobalSection(ExtensibilityGlobals) = postSolution
		SolutionGuid = {070F7FC5-D383-4A2F-B2E7-ECA3091BC4C2}
	EndGlobalSection
EndGlobal
